
Microsoft Visual Studio Solution File, Format Version 12.00
# Visual Studio Version 17
VisualStudioVersion = 17.13.35828.75 d17.13
MinimumVisualStudioVersion = 10.0.40219.1
Project("{FAE04EC0-301F-11D3-BF4B-00C04F79EFBC}") = "FoorLoopMultiplicationTable", "FoorLoopMultiplicationTable\FoorLoopMultiplicationTable.csproj", "{87F12DE4-E9F1-4369-9C5A-F19358D28C9B}"
EndProject
Global
	GlobalSection(SolutionConfigurationPlatforms) = preSolution
		Debug|Any CPU = Debug|Any CPU
		Release|Any CPU = Release|Any CPU
	EndGlobalSection
	GlobalSection(ProjectConfigurationPlatforms) = postSolution
		{87F12DE4-E9F1-4369-9C5A-F19358D28C9B}.Debug|Any CPU.ActiveCfg = Debug|Any CPU
		{87F12DE4-E9F1-4369-9C5A-F19358D28C9B}.Debug|Any CPU.Build.0 = Debug|Any CPU
		{87F12DE4-E9F1-4369-9C5A-F19358D28C9B}.Release|Any CPU.ActiveCfg = Release|Any CPU
		{87F12DE4-E9F1-4369-9C5A-F19358D28C9B}.Release|Any CPU.Build.0 = Release|Any CPU
	EndGlobalSection
	GlobalSection(SolutionProperties) = preSolution
		HideSolutionNode = FALSE
	EndGlobalSection
	GlobalSection(ExtensibilityGlobals) = postSolution
		SolutionGuid = {2459E2E9-8EBD-459C-9825-6D03C0414024}
	EndGlobalSection
EndGlobal
