
Microsoft Visual Studio Solution File, Format Version 12.00
# Visual Studio Version 17
VisualStudioVersion = 17.13.35828.75 d17.13
MinimumVisualStudioVersion = 10.0.40219.1
Project("{FAE04EC0-301F-11D3-BF4B-00C04F79EFBC}") = "FoorLoopTriangle", "FoorLoopTriangle\FoorLoopTriangle.csproj", "{0D9004C8-A375-4045-8AE1-CB4C2AEED880}"
EndProject
Global
	GlobalSection(SolutionConfigurationPlatforms) = preSolution
		Debug|Any CPU = Debug|Any CPU
		Release|Any CPU = Release|Any CPU
	EndGlobalSection
	GlobalSection(ProjectConfigurationPlatforms) = postSolution
		{0D9004C8-A375-4045-8AE1-CB4C2AEED880}.Debug|Any CPU.ActiveCfg = Debug|Any CPU
		{0D9004C8-A375-4045-8AE1-CB4C2AEED880}.Debug|Any CPU.Build.0 = Debug|Any CPU
		{0D9004C8-A375-4045-8AE1-CB4C2AEED880}.Release|Any CPU.ActiveCfg = Release|Any CPU
		{0D9004C8-A375-4045-8AE1-CB4C2AEED880}.Release|Any CPU.Build.0 = Release|Any CPU
	EndGlobalSection
	GlobalSection(SolutionProperties) = preSolution
		HideSolutionNode = FALSE
	EndGlobalSection
	GlobalSection(ExtensibilityGlobals) = postSolution
		SolutionGuid = {10BF55AF-3700-42C1-9A73-127CF6327FD5}
	EndGlobalSection
EndGlobal
