
Microsoft Visual Studio Solution File, Format Version 12.00
# Visual Studio Version 17
VisualStudioVersion = 17.13.35828.75 d17.13
MinimumVisualStudioVersion = 10.0.40219.1
Project("{FAE04EC0-301F-11D3-BF4B-00C04F79EFBC}") = "tstrepozit1", "tstrepozit1\tstrepozit1.csproj", "{15635C3E-F658-4E9E-99E5-A88434F7DF90}"
EndProject
Global
	GlobalSection(SolutionConfigurationPlatforms) = preSolution
		Debug|Any CPU = Debug|Any CPU
		Release|Any CPU = Release|Any CPU
	EndGlobalSection
	GlobalSection(ProjectConfigurationPlatforms) = postSolution
		{15635C3E-F658-4E9E-99E5-A88434F7DF90}.Debug|Any CPU.ActiveCfg = Debug|Any CPU
		{15635C3E-F658-4E9E-99E5-A88434F7DF90}.Debug|Any CPU.Build.0 = Debug|Any CPU
		{15635C3E-F658-4E9E-99E5-A88434F7DF90}.Release|Any CPU.ActiveCfg = Release|Any CPU
		{15635C3E-F658-4E9E-99E5-A88434F7DF90}.Release|Any CPU.Build.0 = Release|Any CPU
	EndGlobalSection
	GlobalSection(SolutionProperties) = preSolution
		HideSolutionNode = FALSE
	EndGlobalSection
	GlobalSection(ExtensibilityGlobals) = postSolution
		SolutionGuid = {26F410FA-969F-45CB-BF88-E226CFC57F14}
	EndGlobalSection
EndGlobal
